
Microsoft Visual Studio Solution File, Format Version 12.00
# Visual Studio Version 16
VisualStudioVersion = 16.0.29613.14
MinimumVisualStudioVersion = 10.0.40219.1
Project("{FAE04EC0-301F-11D3-BF4B-00C04F79EFBC}") = "QSB", "QSB\QSB.csproj", "{1F00090A-C697-4C55-B401-192F3CFB9DC2}"
EndProject
Project("{FAE04EC0-301F-11D3-BF4B-00C04F79EFBC}") = "QuantumUNET", "QuantumUNET\QuantumUNET.csproj", "{C8C53004-1508-4F86-A419-4292C188DC2A}"
EndProject
Global
	GlobalSection(SolutionConfigurationPlatforms) = preSolution
		Debug|Any CPU = Debug|Any CPU
		Release|Any CPU = Release|Any CPU
	EndGlobalSection
	GlobalSection(ProjectConfigurationPlatforms) = postSolution
		{1F00090A-C697-4C55-B401-192F3CFB9DC2}.Debug|Any CPU.ActiveCfg = Debug|Any CPU
		{1F00090A-C697-4C55-B401-192F3CFB9DC2}.Debug|Any CPU.Build.0 = Debug|Any CPU
		{1F00090A-C697-4C55-B401-192F3CFB9DC2}.Release|Any CPU.ActiveCfg = Release|Any CPU
		{1F00090A-C697-4C55-B401-192F3CFB9DC2}.Release|Any CPU.Build.0 = Release|Any CPU
		{C8C53004-1508-4F86-A419-4292C188DC2A}.Debug|Any CPU.ActiveCfg = Debug|Any CPU
		{C8C53004-1508-4F86-A419-4292C188DC2A}.Debug|Any CPU.Build.0 = Debug|Any CPU
		{C8C53004-1508-4F86-A419-4292C188DC2A}.Release|Any CPU.ActiveCfg = Release|Any CPU
		{C8C53004-1508-4F86-A419-4292C188DC2A}.Release|Any CPU.Build.0 = Release|Any CPU
	EndGlobalSection
	GlobalSection(SolutionProperties) = preSolution
		HideSolutionNode = FALSE
	EndGlobalSection
	GlobalSection(ExtensibilityGlobals) = postSolution
		SolutionGuid = {59091249-7726-4F95-86E2-3C3278C9CB9B}
	EndGlobalSection
EndGlobal
